
Microsoft Visual Studio Solution File, Format Version 12.00
# Visual Studio Version 16
VisualStudioVersion = 16.0.31702.278
MinimumVisualStudioVersion = 10.0.40219.1
Project("{8BC9CEB8-8B4A-11D0-8D11-00A0C91BC942}") = "201936170148", "..\201936170148\201936170148.vcxproj", "{EBB35C5D-1B07-4F22-8545-D96CDE3C3333}"
EndProject
Project("{8BC9CEB8-8B4A-11D0-8D11-00A0C91BC942}") = "Practice", "..\Pratice\Pratice.vcxproj", "{656D01E4-A1D5-4CF6-A6AB-6803A0A4B162}"
EndProject
Global
	GlobalSection(SolutionConfigurationPlatforms) = preSolution
		Debug|x64 = Debug|x64
		Debug|x86 = Debug|x86
		Release|x64 = Release|x64
		Release|x86 = Release|x86
	EndGlobalSection
	GlobalSection(ProjectConfigurationPlatforms) = postSolution
		{EBB35C5D-1B07-4F22-8545-D96CDE3C3333}.Debug|x64.ActiveCfg = Debug|x64
		{EBB35C5D-1B07-4F22-8545-D96CDE3C3333}.Debug|x64.Build.0 = Debug|x64
		{EBB35C5D-1B07-4F22-8545-D96CDE3C3333}.Debug|x86.ActiveCfg = Debug|Win32
		{EBB35C5D-1B07-4F22-8545-D96CDE3C3333}.Debug|x86.Build.0 = Debug|Win32
		{EBB35C5D-1B07-4F22-8545-D96CDE3C3333}.Release|x64.ActiveCfg = Release|x64
		{EBB35C5D-1B07-4F22-8545-D96CDE3C3333}.Release|x64.Build.0 = Release|x64
		{EBB35C5D-1B07-4F22-8545-D96CDE3C3333}.Release|x86.ActiveCfg = Release|Win32
		{EBB35C5D-1B07-4F22-8545-D96CDE3C3333}.Release|x86.Build.0 = Release|Win32
		{656D01E4-A1D5-4CF6-A6AB-6803A0A4B162}.Debug|x64.ActiveCfg = Debug|x64
		{656D01E4-A1D5-4CF6-A6AB-6803A0A4B162}.Debug|x64.Build.0 = Debug|x64
		{656D01E4-A1D5-4CF6-A6AB-6803A0A4B162}.Debug|x86.ActiveCfg = Debug|Win32
		{656D01E4-A1D5-4CF6-A6AB-6803A0A4B162}.Debug|x86.Build.0 = Debug|Win32
		{656D01E4-A1D5-4CF6-A6AB-6803A0A4B162}.Release|x64.ActiveCfg = Release|x64
		{656D01E4-A1D5-4CF6-A6AB-6803A0A4B162}.Release|x64.Build.0 = Release|x64
		{656D01E4-A1D5-4CF6-A6AB-6803A0A4B162}.Release|x86.ActiveCfg = Release|Win32
		{656D01E4-A1D5-4CF6-A6AB-6803A0A4B162}.Release|x86.Build.0 = Release|Win32
	EndGlobalSection
	GlobalSection(SolutionProperties) = preSolution
		HideSolutionNode = FALSE
	EndGlobalSection
	GlobalSection(ExtensibilityGlobals) = postSolution
		SolutionGuid = {D882EB44-B631-4251-A8B1-D40408BCE60F}
	EndGlobalSection
EndGlobal
